// !$*UTF8*$!
{
	archiveVersion = 1;
	classes = {
	};
	objectVersion = 51;
	objects = {

/* Begin PBXBuildFile section */
		46409C472618569E005F6102 /* AppDelegate.swift in Sources */ = {isa = PBXBuildFile; fileRef = 46409C462618569E005F6102 /* AppDelegate.swift */; };
		46409C492618569E005F6102 /* SceneDelegate.swift in Sources */ = {isa = PBXBuildFile; fileRef = 46409C482618569E005F6102 /* SceneDelegate.swift */; };
		46409C50261856A0005F6102 /* Assets.xcassets in Resources */ = {isa = PBXBuildFile; fileRef = 46409C4F261856A0005F6102 /* Assets.xcassets */; };
		46409C53261856A0005F6102 /* LaunchScreen.storyboard in Resources */ = {isa = PBXBuildFile; fileRef = 46409C51261856A0005F6102 /* LaunchScreen.storyboard */; };
		46409C7426185B32005F6102 /* GoogleService-Info.plist in Resources */ = {isa = PBXBuildFile; fileRef = 46409C7326185B32005F6102 /* GoogleService-Info.plist */; };
		46409C9626185D62005F6102 /* LoginViewController.swift in Sources */ = {isa = PBXBuildFile; fileRef = 46409C9426185D62005F6102 /* LoginViewController.swift */; };
		46409C9726185D62005F6102 /* LoginViewController.xib in Resources */ = {isa = PBXBuildFile; fileRef = 46409C9526185D62005F6102 /* LoginViewController.xib */; };
		46409C9A26185D9F005F6102 /* RoomsViewController.swift in Sources */ = {isa = PBXBuildFile; fileRef = 46409C9926185D9F005F6102 /* RoomsViewController.swift */; };
		46409C9D26185DB4005F6102 /* ChatViewController.swift in Sources */ = {isa = PBXBuildFile; fileRef = 46409C9C26185DB4005F6102 /* ChatViewController.swift */; };
		46409CB8261860CE005F6102 /* App.swift in Sources */ = {isa = PBXBuildFile; fileRef = 46409CB7261860CE005F6102 /* App.swift */; };
		46409CBD2618690C005F6102 /* Room.swift in Sources */ = {isa = PBXBuildFile; fileRef = 46409CBC2618690C005F6102 /* Room.swift */; };
		46409CC4261879C2005F6102 /* SenderUser.swift in Sources */ = {isa = PBXBuildFile; fileRef = 46409CC3261879C2005F6102 /* SenderUser.swift */; };
		46409CC726187A0E005F6102 /* Message.swift in Sources */ = {isa = PBXBuildFile; fileRef = 46409CC626187A0E005F6102 /* Message.swift */; };
		E8ECA3B56A01AD419BBDDC11 /* Pods_chat.framework in Frameworks */ = {isa = PBXBuildFile; fileRef = 02E0ABB23B2B21E9687AFE4B /* Pods_chat.framework */; };
/* End PBXBuildFile section */

/* Begin PBXFileReference section */
		02E0ABB23B2B21E9687AFE4B /* Pods_chat.framework */ = {isa = PBXFileReference; explicitFileType = wrapper.framework; includeInIndex = 0; path = Pods_chat.framework; sourceTree = BUILT_PRODUCTS_DIR; };
		46409C432618569E005F6102 /* chat.app */ = {isa = PBXFileReference; explicitFileType = wrapper.application; includeInIndex = 0; path = chat.app; sourceTree = BUILT_PRODUCTS_DIR; };
		46409C462618569E005F6102 /* AppDelegate.swift */ = {isa = PBXFileReference; lastKnownFileType = sourcecode.swift; path = AppDelegate.swift; sourceTree = "<group>"; };
		46409C482618569E005F6102 /* SceneDelegate.swift */ = {isa = PBXFileReference; lastKnownFileType = sourcecode.swift; path = SceneDelegate.swift; sourceTree = "<group>"; };
		46409C4F261856A0005F6102 /* Assets.xcassets */ = {isa = PBXFileReference; lastKnownFileType = folder.assetcatalog; path = Assets.xcassets; sourceTree = "<group>"; };
		46409C52261856A0005F6102 /* Base */ = {isa = PBXFileReference; lastKnownFileType = file.storyboard; name = Base; path = Base.lproj/LaunchScreen.storyboard; sourceTree = "<group>"; };
		46409C54261856A0005F6102 /* Info.plist */ = {isa = PBXFileReference; lastKnownFileType = text.plist.xml; path = Info.plist; sourceTree = "<group>"; };
		46409C7326185B32005F6102 /* GoogleService-Info.plist */ = {isa = PBXFileReference; fileEncoding = 4; lastKnownFileType = text.plist.xml; path = "GoogleService-Info.plist"; sourceTree = "<group>"; };
		46409C9426185D62005F6102 /* LoginViewController.swift */ = {isa = PBXFileReference; lastKnownFileType = sourcecode.swift; path = LoginViewController.swift; sourceTree = "<group>"; };
		46409C9526185D62005F6102 /* LoginViewController.xib */ = {isa = PBXFileReference; lastKnownFileType = file.xib; path = LoginViewController.xib; sourceTree = "<group>"; };
		46409C9926185D9F005F6102 /* RoomsViewController.swift */ = {isa = PBXFileReference; lastKnownFileType = sourcecode.swift; path = RoomsViewController.swift; sourceTree = "<group>"; };
		46409C9C26185DB4005F6102 /* ChatViewController.swift */ = {isa = PBXFileReference; lastKnownFileType = sourcecode.swift; path = ChatViewController.swift; sourceTree = "<group>"; };
		46409CB7261860CE005F6102 /* App.swift */ = {isa = PBXFileReference; lastKnownFileType = sourcecode.swift; path = App.swift; sourceTree = "<group>"; };
		46409CBC2618690C005F6102 /* Room.swift */ = {isa = PBXFileReference; lastKnownFileType = sourcecode.swift; path = Room.swift; sourceTree = "<group>"; };
		46409CC1261878EB005F6102 /* README.md */ = {isa = PBXFileReference; lastKnownFileType = net.daringfireball.markdown; path = README.md; sourceTree = "<group>"; };
		46409CC3261879C2005F6102 /* SenderUser.swift */ = {isa = PBXFileReference; lastKnownFileType = sourcecode.swift; path = SenderUser.swift; sourceTree = "<group>"; };
		46409CC626187A0E005F6102 /* Message.swift */ = {isa = PBXFileReference; lastKnownFileType = sourcecode.swift; path = Message.swift; sourceTree = "<group>"; };
		5212815C21E816E94DF40885 /* Pods-chat.release.xcconfig */ = {isa = PBXFileReference; includeInIndex = 1; lastKnownFileType = text.xcconfig; name = "Pods-chat.release.xcconfig"; path = "Target Support Files/Pods-chat/Pods-chat.release.xcconfig"; sourceTree = "<group>"; };
		B5B850EDB6205BABBD942C48 /* Pods-chat.debug.xcconfig */ = {isa = PBXFileReference; includeInIndex = 1; lastKnownFileType = text.xcconfig; name = "Pods-chat.debug.xcconfig"; path = "Target Support Files/Pods-chat/Pods-chat.debug.xcconfig"; sourceTree = "<group>"; };
/* End PBXFileReference section */

/* Begin PBXFrameworksBuildPhase section */
		46409C402618569E005F6102 /* Frameworks */ = {
			isa = PBXFrameworksBuildPhase;
			buildActionMask = 2147483647;
			files = (
				E8ECA3B56A01AD419BBDDC11 /* Pods_chat.framework in Frameworks */,
			);
			runOnlyForDeploymentPostprocessing = 0;
		};
/* End PBXFrameworksBuildPhase section */

/* Begin PBXGroup section */
		46409C3A2618569E005F6102 = {
			isa = PBXGroup;
			children = (
				46409CC1261878EB005F6102 /* README.md */,
				46409C452618569E005F6102 /* chat */,
				46409C442618569E005F6102 /* Products */,
				8301F961DE22BDA5CAD491D1 /* Pods */,
				7AFB4B336A2AF4376A2CB722 /* Frameworks */,
			);
			sourceTree = "<group>";
		};
		46409C442618569E005F6102 /* Products */ = {
			isa = PBXGroup;
			children = (
				46409C432618569E005F6102 /* chat.app */,
			);
			name = Products;
			sourceTree = "<group>";
		};
		46409C452618569E005F6102 /* chat */ = {
			isa = PBXGroup;
			children = (
				46409C482618569E005F6102 /* SceneDelegate.swift */,
				46409CBC2618690C005F6102 /* Room.swift */,
				46409C462618569E005F6102 /* AppDelegate.swift */,
				46409CB7261860CE005F6102 /* App.swift */,
				46409C9926185D9F005F6102 /* RoomsViewController.swift */,
				46409C9C26185DB4005F6102 /* ChatViewController.swift */,
				46409CC3261879C2005F6102 /* SenderUser.swift */,
				46409CC626187A0E005F6102 /* Message.swift */,
				46409C9426185D62005F6102 /* LoginViewController.swift */,
				46409C9526185D62005F6102 /* LoginViewController.xib */,
				46409C4F261856A0005F6102 /* Assets.xcassets */,
				46409C51261856A0005F6102 /* LaunchScreen.storyboard */,
				46409C54261856A0005F6102 /* Info.plist */,
				46409C7326185B32005F6102 /* GoogleService-Info.plist */,
			);
			path = chat;
			sourceTree = "<group>";
		};
		7AFB4B336A2AF4376A2CB722 /* Frameworks */ = {
			isa = PBXGroup;
			children = (
				02E0ABB23B2B21E9687AFE4B /* Pods_chat.framework */,
			);
			name = Frameworks;
			sourceTree = "<group>";
		};
		8301F961DE22BDA5CAD491D1 /* Pods */ = {
			isa = PBXGroup;
			children = (
				B5B850EDB6205BABBD942C48 /* Pods-chat.debug.xcconfig */,
				5212815C21E816E94DF40885 /* Pods-chat.release.xcconfig */,
			);
			path = Pods;
			sourceTree = "<group>";
		};
/* End PBXGroup section */

/* Begin PBXNativeTarget section */
		46409C422618569E005F6102 /* chat */ = {
			isa = PBXNativeTarget;
			buildConfigurationList = 46409C57261856A0005F6102 /* Build configuration list for PBXNativeTarget "chat" */;
			buildPhases = (
				B7E1428770D4DBC99D7294BF /* [CP] Check Pods Manifest.lock */,
				46409C3F2618569E005F6102 /* Sources */,
				46409C402618569E005F6102 /* Frameworks */,
				46409C412618569E005F6102 /* Resources */,
				65CACB7FF16343357D08F361 /* [CP] Embed Pods Frameworks */,
			);
			buildRules = (
			);
			dependencies = (
			);
			name = chat;
			productName = chat;
			productReference = 46409C432618569E005F6102 /* chat.app */;
			productType = "com.apple.product-type.application";
		};
/* End PBXNativeTarget section */

/* Begin PBXProject section */
		46409C3B2618569E005F6102 /* Project object */ = {
			isa = PBXProject;
			attributes = {
				LastSwiftUpdateCheck = 1240;
				LastUpgradeCheck = 1240;
				TargetAttributes = {
					46409C422618569E005F6102 = {
						CreatedOnToolsVersion = 12.4;
					};
				};
			};
			buildConfigurationList = 46409C3E2618569E005F6102 /* Build configuration list for PBXProject "chat" */;
			compatibilityVersion = "Xcode 9.3";
			developmentRegion = en;
			hasScannedForEncodings = 0;
			knownRegions = (
				en,
				Base,
			);
			mainGroup = 46409C3A2618569E005F6102;
			productRefGroup = 46409C442618569E005F6102 /* Products */;
			projectDirPath = "";
			projectRoot = "";
			targets = (
				46409C422618569E005F6102 /* chat */,
			);
		};
/* End PBXProject section */

/* Begin PBXResourcesBuildPhase section */
		46409C412618569E005F6102 /* Resources */ = {
			isa = PBXResourcesBuildPhase;
			buildActionMask = 2147483647;
			files = (
				46409C9726185D62005F6102 /* LoginViewController.xib in Resources */,
				46409C53261856A0005F6102 /* LaunchScreen.storyboard in Resources */,
				46409C7426185B32005F6102 /* GoogleService-Info.plist in Resources */,
				46409C50261856A0005F6102 /* Assets.xcassets in Resources */,
			);
			runOnlyForDeploymentPostprocessing = 0;
		};
/* End PBXResourcesBuildPhase section */

/* Begin PBXShellScriptBuildPhase section */
		65CACB7FF16343357D08F361 /* [CP] Embed Pods Frameworks */ = {
			isa = PBXShellScriptBuildPhase;
			buildActionMask = 2147483647;
			files = (
			);
			inputFileListPaths = (
				"${PODS_ROOT}/Target Support Files/Pods-chat/Pods-chat-frameworks-${CONFIGURATION}-input-files.xcfilelist",
			);
			name = "[CP] Embed Pods Frameworks";
			outputFileListPaths = (
				"${PODS_ROOT}/Target Support Files/Pods-chat/Pods-chat-frameworks-${CONFIGURATION}-output-files.xcfilelist",
			);
			runOnlyForDeploymentPostprocessing = 0;
			shellPath = /bin/sh;
			shellScript = "\"${PODS_ROOT}/Target Support Files/Pods-chat/Pods-chat-frameworks.sh\"\n";
			showEnvVarsInLog = 0;
		};
		B7E1428770D4DBC99D7294BF /* [CP] Check Pods Manifest.lock */ = {
			isa = PBXShellScriptBuildPhase;
			buildActionMask = 2147483647;
			files = (
			);
			inputFileListPaths = (
			);
			inputPaths = (
				"${PODS_PODFILE_DIR_PATH}/Podfile.lock",
				"${PODS_ROOT}/Manifest.lock",
			);
			name = "[CP] Check Pods Manifest.lock";
			outputFileListPaths = (
			);
			outputPaths = (
				"$(DERIVED_FILE_DIR)/Pods-chat-checkManifestLockResult.txt",
			);
			runOnlyForDeploymentPostprocessing = 0;
			shellPath = /bin/sh;
			shellScript = "diff \"${PODS_PODFILE_DIR_PATH}/Podfile.lock\" \"${PODS_ROOT}/Manifest.lock\" > /dev/null\nif [ $? != 0 ] ; then\n    # print error to STDERR\n    echo \"error: The sandbox is not in sync with the Podfile.lock. Run 'pod install' or update your CocoaPods installation.\" >&2\n    exit 1\nfi\n# This output is used by Xcode 'outputs' to avoid re-running this script phase.\necho \"SUCCESS\" > \"${SCRIPT_OUTPUT_FILE_0}\"\n";
			showEnvVarsInLog = 0;
		};
/* End PBXShellScriptBuildPhase section */

/* Begin PBXSourcesBuildPhase section */
		46409C3F2618569E005F6102 /* Sources */ = {
			isa = PBXSourcesBuildPhase;
			buildActionMask = 2147483647;
			files = (
				46409C9626185D62005F6102 /* LoginViewController.swift in Sources */,
				46409C472618569E005F6102 /* AppDelegate.swift in Sources */,
				46409CBD2618690C005F6102 /* Room.swift in Sources */,
				46409CC726187A0E005F6102 /* Message.swift in Sources */,
				46409CC4261879C2005F6102 /* SenderUser.swift in Sources */,
				46409C492618569E005F6102 /* SceneDelegate.swift in Sources */,
				46409CB8261860CE005F6102 /* App.swift in Sources */,
				46409C9D26185DB4005F6102 /* ChatViewController.swift in Sources */,
				46409C9A26185D9F005F6102 /* RoomsViewController.swift in Sources */,
			);
			runOnlyForDeploymentPostprocessing = 0;
		};
/* End PBXSourcesBuildPhase section */

/* Begin PBXVariantGroup section */
		46409C51261856A0005F6102 /* LaunchScreen.storyboard */ = {
			isa = PBXVariantGroup;
			children = (
				46409C52261856A0005F6102 /* Base */,
			);
			name = LaunchScreen.storyboard;
			sourceTree = "<group>";
		};
/* End PBXVariantGroup section */

/* Begin XCBuildConfiguration section */
		46409C55261856A0005F6102 /* Debug */ = {
			isa = XCBuildConfiguration;
			buildSettings = {
				ALWAYS_SEARCH_USER_PATHS = NO;
				CLANG_ANALYZER_NONNULL = YES;
				CLANG_ANALYZER_NUMBER_OBJECT_CONVERSION = YES_AGGRESSIVE;
				CLANG_CXX_LANGUAGE_STANDARD = "gnu++14";
				CLANG_CXX_LIBRARY = "libc++";
				CLANG_ENABLE_MODULES = YES;
				CLANG_ENABLE_OBJC_ARC = YES;
				CLANG_ENABLE_OBJC_WEAK = YES;
				CLANG_WARN_BLOCK_CAPTURE_AUTORELEASING = YES;
				CLANG_WARN_BOOL_CONVERSION = YES;
				CLANG_WARN_COMMA = YES;
				CLANG_WARN_CONSTANT_CONVERSION = YES;
				CLANG_WARN_DEPRECATED_OBJC_IMPLEMENTATIONS = YES;
				CLANG_WARN_DIRECT_OBJC_ISA_USAGE = YES_ERROR;
				CLANG_WARN_DOCUMENTATION_COMMENTS = YES;
				CLANG_WARN_EMPTY_BODY = YES;
				CLANG_WARN_ENUM_CONVERSION = YES;
				CLANG_WARN_INFINITE_RECURSION = YES;
				CLANG_WARN_INT_CONVERSION = YES;
				CLANG_WARN_NON_LITERAL_NULL_CONVERSION = YES;
				CLANG_WARN_OBJC_IMPLICIT_RETAIN_SELF = YES;
				CLANG_WARN_OBJC_LITERAL_CONVERSION = YES;
				CLANG_WARN_OBJC_ROOT_CLASS = YES_ERROR;
				CLANG_WARN_QUOTED_INCLUDE_IN_FRAMEWORK_HEADER = YES;
				CLANG_WARN_RANGE_LOOP_ANALYSIS = YES;
				CLANG_WARN_STRICT_PROTOTYPES = YES;
				CLANG_WARN_SUSPICIOUS_MOVE = YES;
				CLANG_WARN_UNGUARDED_AVAILABILITY = YES_AGGRESSIVE;
				CLANG_WARN_UNREACHABLE_CODE = YES;
				CLANG_WARN__DUPLICATE_METHOD_MATCH = YES;
				COPY_PHASE_STRIP = NO;
				DEBUG_INFORMATION_FORMAT = dwarf;
				ENABLE_STRICT_OBJC_MSGSEND = YES;
				ENABLE_TESTABILITY = YES;
				GCC_C_LANGUAGE_STANDARD = gnu11;
				GCC_DYNAMIC_NO_PIC = NO;
				GCC_NO_COMMON_BLOCKS = YES;
				GCC_OPTIMIZATION_LEVEL = 0;
				GCC_PREPROCESSOR_DEFINITIONS = (
					"DEBUG=1",
					"$(inherited)",
				);
				GCC_WARN_64_TO_32_BIT_CONVERSION = YES;
				GCC_WARN_ABOUT_RETURN_TYPE = YES_ERROR;
				GCC_WARN_UNDECLARED_SELECTOR = YES;
				GCC_WARN_UNINITIALIZED_AUTOS = YES_AGGRESSIVE;
				GCC_WARN_UNUSED_FUNCTION = YES;
				GCC_WARN_UNUSED_VARIABLE = YES;
				IPHONEOS_DEPLOYMENT_TARGET = 14.4;
				MTL_ENABLE_DEBUG_INFO = INCLUDE_SOURCE;
				MTL_FAST_MATH = YES;
				ONLY_ACTIVE_ARCH = YES;
				SDKROOT = iphoneos;
				SWIFT_ACTIVE_COMPILATION_CONDITIONS = DEBUG;
				SWIFT_OPTIMIZATION_LEVEL = "-Onone";
			};
			name = Debug;
		};
		46409C56261856A0005F6102 /* Release */ = {
			isa = XCBuildConfiguration;
			buildSettings = {
				ALWAYS_SEARCH_USER_PATHS = NO;
				CLANG_ANALYZER_NONNULL = YES;
				CLANG_ANALYZER_NUMBER_OBJECT_CONVERSION = YES_AGGRESSIVE;
				CLANG_CXX_LANGUAGE_STANDARD = "gnu++14";
				CLANG_CXX_LIBRARY = "libc++";
				CLANG_ENABLE_MODULES = YES;
				CLANG_ENABLE_OBJC_ARC = YES;
				CLANG_ENABLE_OBJC_WEAK = YES;
				CLANG_WARN_BLOCK_CAPTURE_AUTORELEASING = YES;
				CLANG_WARN_BOOL_CONVERSION = YES;
				CLANG_WARN_COMMA = YES;
				CLANG_WARN_CONSTANT_CONVERSION = YES;
				CLANG_WARN_DEPRECATED_OBJC_IMPLEMENTATIONS = YES;
				CLANG_WARN_DIRECT_OBJC_ISA_USAGE = YES_ERROR;
				CLANG_WARN_DOCUMENTATION_COMMENTS = YES;
				CLANG_WARN_EMPTY_BODY = YES;
				CLANG_WARN_ENUM_CONVERSION = YES;
				CLANG_WARN_INFINITE_RECURSION = YES;
				CLANG_WARN_INT_CONVERSION = YES;
				CLANG_WARN_NON_LITERAL_NULL_CONVERSION = YES;
				CLANG_WARN_OBJC_IMPLICIT_RETAIN_SELF = YES;
				CLANG_WARN_OBJC_LITERAL_CONVERSION = YES;
				CLANG_WARN_OBJC_ROOT_CLASS = YES_ERROR;
				CLANG_WARN_QUOTED_INCLUDE_IN_FRAMEWORK_HEADER = YES;
				CLANG_WARN_RANGE_LOOP_ANALYSIS = YES;
				CLANG_WARN_STRICT_PROTOTYPES = YES;
				CLANG_WARN_SUSPICIOUS_MOVE = YES;
				CLANG_WARN_UNGUARDED_AVAILABILITY = YES_AGGRESSIVE;
				CLANG_WARN_UNREACHABLE_CODE = YES;
				CLANG_WARN__DUPLICATE_METHOD_MATCH = YES;
				COPY_PHASE_STRIP = NO;
				DEBUG_INFORMATION_FORMAT = "dwarf-with-dsym";
				ENABLE_NS_ASSERTIONS = NO;
				ENABLE_STRICT_OBJC_MSGSEND = YES;
				GCC_C_LANGUAGE_STANDARD = gnu11;
				GCC_NO_COMMON_BLOCKS = YES;
				GCC_WARN_64_TO_32_BIT_CONVERSION = YES;
				GCC_WARN_ABOUT_RETURN_TYPE = YES_ERROR;
				GCC_WARN_UNDECLARED_SELECTOR = YES;
				GCC_WARN_UNINITIALIZED_AUTOS = YES_AGGRESSIVE;
				GCC_WARN_UNUSED_FUNCTION = YES;
				GCC_WARN_UNUSED_VARIABLE = YES;
				IPHONEOS_DEPLOYMENT_TARGET = 14.4;
				MTL_ENABLE_DEBUG_INFO = NO;
				MTL_FAST_MATH = YES;
				SDKROOT = iphoneos;
				SWIFT_COMPILATION_MODE = wholemodule;
				SWIFT_OPTIMIZATION_LEVEL = "-O";
				VALIDATE_PRODUCT = YES;
			};
			name = Release;
		};
		46409C58261856A0005F6102 /* Debug */ = {
			isa = XCBuildConfiguration;
			baseConfigurationReference = B5B850EDB6205BABBD942C48 /* Pods-chat.debug.xcconfig */;
			buildSettings = {
				ASSETCATALOG_COMPILER_APPICON_NAME = AppIcon;
				ASSETCATALOG_COMPILER_GLOBAL_ACCENT_COLOR_NAME = AccentColor;
				CODE_SIGN_STYLE = Automatic;
				DEVELOPMENT_TEAM = W5P6L2VAQ4;
				INFOPLIST_FILE = chat/Info.plist;
				LD_RUNPATH_SEARCH_PATHS = (
					"$(inherited)",
					"@executable_path/Frameworks",
				);
				PRODUCT_BUNDLE_IDENTIFIER = me.gutovsky.texel.chat;
				PRODUCT_NAME = "$(TARGET_NAME)";
				SWIFT_VERSION = 5.0;
				TARGETED_DEVICE_FAMILY = "1,2";
			};
			name = Debug;
		};
		46409C59261856A0005F6102 /* Release */ = {
			isa = XCBuildConfiguration;
			baseConfigurationReference = 5212815C21E816E94DF40885 /* Pods-chat.release.xcconfig */;
			buildSettings = {
				ASSETCATALOG_COMPILER_APPICON_NAME = AppIcon;
				ASSETCATALOG_COMPILER_GLOBAL_ACCENT_COLOR_NAME = AccentColor;
				CODE_SIGN_STYLE = Automatic;
				DEVELOPMENT_TEAM = W5P6L2VAQ4;
				INFOPLIST_FILE = chat/Info.plist;
				LD_RUNPATH_SEARCH_PATHS = (
					"$(inherited)",
					"@executable_path/Frameworks",
				);
				PRODUCT_BUNDLE_IDENTIFIER = me.gutovsky.texel.chat;
				PRODUCT_NAME = "$(TARGET_NAME)";
				SWIFT_VERSION = 5.0;
				TARGETED_DEVICE_FAMILY = "1,2";
			};
			name = Release;
		};
/* End XCBuildConfiguration section */

/* Begin XCConfigurationList section */
		46409C3E2618569E005F6102 /* Build configuration list for PBXProject "chat" */ = {
			isa = XCConfigurationList;
			buildConfigurations = (
				46409C55261856A0005F6102 /* Debug */,
				46409C56261856A0005F6102 /* Release */,
			);
			defaultConfigurationIsVisible = 0;
			defaultConfigurationName = Release;
		};
		46409C57261856A0005F6102 /* Build configuration list for PBXNativeTarget "chat" */ = {
			isa = XCConfigurationList;
			buildConfigurations = (
				46409C58261856A0005F6102 /* Debug */,
				46409C59261856A0005F6102 /* Release */,
			);
			defaultConfigurationIsVisible = 0;
			defaultConfigurationName = Release;
		};
/* End XCConfigurationList section */
	};
	rootObject = 46409C3B2618569E005F6102 /* Project object */;
}
